
Microsoft Visual Studio Solution File, Format Version 12.00
# Visual Studio Version 17
VisualStudioVersion = 17.0.31903.59
MinimumVisualStudioVersion = 10.0.40219.1
Project("{2150E333-8FDC-42A3-9474-1A3956D46DE8}") = "src", "src", "{509A82CE-05BA-41D3-891D-3982853828D6}"
EndProject
Project("{FAE04EC0-301F-11D3-BF4B-00C04F79EFBC}") = "ToDoList.WebApi", "src\ToDoList.WebApi\ToDoList.WebApi.csproj", "{0ADB049A-84BA-4A3C-831D-21B75D8C0F52}"
EndProject
Project("{FAE04EC0-301F-11D3-BF4B-00C04F79EFBC}") = "ToDoList.Domain", "src\ToDoList.Domain\ToDoList.Domain.csproj", "{ECF442A2-E411-40D2-BD0E-87202A339464}"
EndProject
Project("{2150E333-8FDC-42A3-9474-1A3956D46DE8}") = "tests", "tests", "{3AF22D9D-B8E8-45AC-A379-7AD0BBD28216}"
EndProject
Project("{FAE04EC0-301F-11D3-BF4B-00C04F79EFBC}") = "ToDoList.Test", "tests\ToDoList.Test\ToDoList.Test.csproj", "{50713BB1-5201-478B-AE00-BE569026DA52}"
EndProject
Project("{FAE04EC0-301F-11D3-BF4B-00C04F79EFBC}") = "ToDoList.Persistence", "src\ToDoList.Persistence\ToDoList.Persistence.csproj", "{BC544212-976F-4A1B-BD34-00A7D5A6BC49}"
EndProject
Global
	GlobalSection(SolutionConfigurationPlatforms) = preSolution
		Debug|Any CPU = Debug|Any CPU
		Release|Any CPU = Release|Any CPU
	EndGlobalSection
	GlobalSection(SolutionProperties) = preSolution
		HideSolutionNode = FALSE
	EndGlobalSection
	GlobalSection(ProjectConfigurationPlatforms) = postSolution
		{0ADB049A-84BA-4A3C-831D-21B75D8C0F52}.Debug|Any CPU.ActiveCfg = Debug|Any CPU
		{0ADB049A-84BA-4A3C-831D-21B75D8C0F52}.Debug|Any CPU.Build.0 = Debug|Any CPU
		{0ADB049A-84BA-4A3C-831D-21B75D8C0F52}.Release|Any CPU.ActiveCfg = Release|Any CPU
		{0ADB049A-84BA-4A3C-831D-21B75D8C0F52}.Release|Any CPU.Build.0 = Release|Any CPU
		{ECF442A2-E411-40D2-BD0E-87202A339464}.Debug|Any CPU.ActiveCfg = Debug|Any CPU
		{ECF442A2-E411-40D2-BD0E-87202A339464}.Debug|Any CPU.Build.0 = Debug|Any CPU
		{ECF442A2-E411-40D2-BD0E-87202A339464}.Release|Any CPU.ActiveCfg = Release|Any CPU
		{ECF442A2-E411-40D2-BD0E-87202A339464}.Release|Any CPU.Build.0 = Release|Any CPU
		{50713BB1-5201-478B-AE00-BE569026DA52}.Debug|Any CPU.ActiveCfg = Debug|Any CPU
		{50713BB1-5201-478B-AE00-BE569026DA52}.Debug|Any CPU.Build.0 = Debug|Any CPU
		{50713BB1-5201-478B-AE00-BE569026DA52}.Release|Any CPU.ActiveCfg = Release|Any CPU
		{50713BB1-5201-478B-AE00-BE569026DA52}.Release|Any CPU.Build.0 = Release|Any CPU
		{BC544212-976F-4A1B-BD34-00A7D5A6BC49}.Debug|Any CPU.ActiveCfg = Debug|Any CPU
		{BC544212-976F-4A1B-BD34-00A7D5A6BC49}.Debug|Any CPU.Build.0 = Debug|Any CPU
		{BC544212-976F-4A1B-BD34-00A7D5A6BC49}.Release|Any CPU.ActiveCfg = Release|Any CPU
		{BC544212-976F-4A1B-BD34-00A7D5A6BC49}.Release|Any CPU.Build.0 = Release|Any CPU
	EndGlobalSection
	GlobalSection(NestedProjects) = preSolution
		{0ADB049A-84BA-4A3C-831D-21B75D8C0F52} = {509A82CE-05BA-41D3-891D-3982853828D6}
		{ECF442A2-E411-40D2-BD0E-87202A339464} = {509A82CE-05BA-41D3-891D-3982853828D6}
		{50713BB1-5201-478B-AE00-BE569026DA52} = {3AF22D9D-B8E8-45AC-A379-7AD0BBD28216}
		{BC544212-976F-4A1B-BD34-00A7D5A6BC49} = {509A82CE-05BA-41D3-891D-3982853828D6}
	EndGlobalSection
EndGlobal
